
Microsoft Visual Studio Solution File, Format Version 11.00
# Visual Studio 2010
Project("{8BC9CEB8-8B4A-11D0-8D11-00A0C91BC942}") = "PicConversion", "PicConversion\PicConversion.vcxproj", "{82C59D67-7CD4-46C2-9535-3917F6EEF217}"
EndProject
Global
	GlobalSection(SolutionConfigurationPlatforms) = preSolution
		Debug|Win32 = Debug|Win32
		Release|Win32 = Release|Win32
	EndGlobalSection
	GlobalSection(ProjectConfigurationPlatforms) = postSolution
		{82C59D67-7CD4-46C2-9535-3917F6EEF217}.Debug|Win32.ActiveCfg = Debug|Win32
		{82C59D67-7CD4-46C2-9535-3917F6EEF217}.Debug|Win32.Build.0 = Debug|Win32
		{82C59D67-7CD4-46C2-9535-3917F6EEF217}.Release|Win32.ActiveCfg = Release|Win32
		{82C59D67-7CD4-46C2-9535-3917F6EEF217}.Release|Win32.Build.0 = Release|Win32
	EndGlobalSection
	GlobalSection(SolutionProperties) = preSolution
		HideSolutionNode = FALSE
	EndGlobalSection
EndGlobal
